

/* this ALWAYS GENERATED file contains the definitions for the interfaces */


 /* File created by MIDL compiler version 8.01.0622 */
/* @@MIDL_FILE_HEADING(  ) */



/* verify that the <rpcndr.h> version is high enough to compile this file*/
#ifndef __REQUIRED_RPCNDR_H_VERSION__
#define __REQUIRED_RPCNDR_H_VERSION__ 500
#endif

/* verify that the <rpcsal.h> version is high enough to compile this file*/
#ifndef __REQUIRED_RPCSAL_H_VERSION__
#define __REQUIRED_RPCSAL_H_VERSION__ 100
#endif

#include "rpc.h"
#include "rpcndr.h"

#ifndef __RPCNDR_H_VERSION__
#error this stub requires an updated version of <rpcndr.h>
#endif /* __RPCNDR_H_VERSION__ */

#ifndef COM_NO_WINDOWS_H
#include "windows.h"
#include "ole2.h"
#endif /*COM_NO_WINDOWS_H*/

#ifndef __wsdclient_h__
#define __wsdclient_h__

#if defined(_MSC_VER) && (_MSC_VER >= 1020)
#pragma once
#endif

/* Forward Declarations */ 

#ifndef __IWSDEndpointProxy_FWD_DEFINED__
#define __IWSDEndpointProxy_FWD_DEFINED__
typedef interface IWSDEndpointProxy IWSDEndpointProxy;

#endif 	/* __IWSDEndpointProxy_FWD_DEFINED__ */


#ifndef __IWSDMetadataExchange_FWD_DEFINED__
#define __IWSDMetadataExchange_FWD_DEFINED__
typedef interface IWSDMetadataExchange IWSDMetadataExchange;

#endif 	/* __IWSDMetadataExchange_FWD_DEFINED__ */


#ifndef __IWSDServiceProxy_FWD_DEFINED__
#defin